{
  "name": "tgsimpson.github.io",
  "lockfileVersion": 2,
  "requires": true,
  "packages": {
    "": {
      "dependencies": {
        "blueimp-gallery": "^3.4.0"
      }
    },
    "node_modules/blueimp-gallery": {
      "version": "3.4.0",
      "resolved": "https://registry.npmjs.org/blueimp-gallery/-/blueimp-gallery-3.4.0.tgz",
      "integrity": "sha512-t4zQ8XSlE3IuJK72gd6hnexHMUpndUZYRKcAYv+24TpYGom5YtP5yizWdH2cGwyb0MOTKojkwSWVweTo1rbDEw=="
    }
  },
  "dependencies": {
    "blueimp-gallery": {
      "version": "3.4.0",
      "resolved": "https://registry.npmjs.org/blueimp-gallery/-/blueimp-gallery-3.4.0.tgz",
      "integrity": "sha512-t4zQ8XSlE3IuJK72gd6hnexHMUpndUZYRKcAYv+24TpYGom5YtP5yizWdH2cGwyb0MOTKojkwSWVweTo1rbDEw=="
    }
  }
}
