{
  "name": "Data",
  "lockfileVersion": 2,
  "requires": true,
  "packages": {
    "": {
      "dependencies": {
        "maki": "^2.1.0"
      }
    },
    "node_modules/maki": {
      "version": "2.1.0",
      "resolved": "https://registry.npmjs.org/maki/-/maki-2.1.0.tgz",
      "integrity": "sha512-rKat2M8wvyEPkzRvuFy2r0/gzC2+0QFtNTbenCryvPxyO8O/frMnuE1BmHcHiYQbMY9O69t1T+SrneiCtFzlaw==",
      "deprecated": "maki is now namespaced, install @mapbox/maki instead"
    }
  },
  "dependencies": {
    "maki": {
      "version": "2.1.0",
      "resolved": "https://registry.npmjs.org/maki/-/maki-2.1.0.tgz",
      "integrity": "sha512-rKat2M8wvyEPkzRvuFy2r0/gzC2+0QFtNTbenCryvPxyO8O/frMnuE1BmHcHiYQbMY9O69t1T+SrneiCtFzlaw=="
    }
  }
}
